
Microsoft Visual Studio Solution File, Format Version 12.00
# Visual Studio Version 16
VisualStudioVersion = 16.0.30804.86
MinimumVisualStudioVersion = 10.0.40219.1
Project("{FAE04EC0-301F-11D3-BF4B-00C04F79EFBC}") = "MetricsManager", "MetricsManager.csproj", "{030071B4-E560-41D1-BA98-189FE37C3F44}"
EndProject
Global
	GlobalSection(SolutionConfigurationPlatforms) = preSolution
		Debug|Any CPU = Debug|Any CPU
		Release|Any CPU = Release|Any CPU
	EndGlobalSection
	GlobalSection(ProjectConfigurationPlatforms) = postSolution
		{030071B4-E560-41D1-BA98-189FE37C3F44}.Debug|Any CPU.ActiveCfg = Debug|Any CPU
		{030071B4-E560-41D1-BA98-189FE37C3F44}.Debug|Any CPU.Build.0 = Debug|Any CPU
		{030071B4-E560-41D1-BA98-189FE37C3F44}.Release|Any CPU.ActiveCfg = Release|Any CPU
		{030071B4-E560-41D1-BA98-189FE37C3F44}.Release|Any CPU.Build.0 = Release|Any CPU
	EndGlobalSection
	GlobalSection(SolutionProperties) = preSolution
		HideSolutionNode = FALSE
	EndGlobalSection
	GlobalSection(ExtensibilityGlobals) = postSolution
		SolutionGuid = {EA011459-3A14-40E9-AD7A-6D9F8F5E9F66}
	EndGlobalSection
EndGlobal
